
Microsoft Visual Studio Solution File, Format Version 12.00
# Visual Studio Version 17
VisualStudioVersion = 17.1.32414.318
MinimumVisualStudioVersion = 10.0.40219.1
Project("{FAE04EC0-301F-11D3-BF4B-00C04F79EFBC}") = "ChatSignalR.Server", "ChatSignalR\Server\ChatSignalR.Server.csproj", "{79DA5058-9EAD-46EC-9DD2-58A9CEC494B8}"
EndProject
Project("{FAE04EC0-301F-11D3-BF4B-00C04F79EFBC}") = "ChatSignalR.Client", "ChatSignalR\Client\ChatSignalR.Client.csproj", "{103083BD-979A-449A-8195-1F4CFE6D461E}"
EndProject
Project("{FAE04EC0-301F-11D3-BF4B-00C04F79EFBC}") = "ChatSignalR.Shared", "ChatSignalR\Shared\ChatSignalR.Shared.csproj", "{23E3266B-40F6-4CAD-B172-DB8A04F49423}"
EndProject
Global
	GlobalSection(SolutionConfigurationPlatforms) = preSolution
		Debug|Any CPU = Debug|Any CPU
		Release|Any CPU = Release|Any CPU
	EndGlobalSection
	GlobalSection(ProjectConfigurationPlatforms) = postSolution
		{79DA5058-9EAD-46EC-9DD2-58A9CEC494B8}.Debug|Any CPU.ActiveCfg = Debug|Any CPU
		{79DA5058-9EAD-46EC-9DD2-58A9CEC494B8}.Debug|Any CPU.Build.0 = Debug|Any CPU
		{79DA5058-9EAD-46EC-9DD2-58A9CEC494B8}.Release|Any CPU.ActiveCfg = Release|Any CPU
		{79DA5058-9EAD-46EC-9DD2-58A9CEC494B8}.Release|Any CPU.Build.0 = Release|Any CPU
		{103083BD-979A-449A-8195-1F4CFE6D461E}.Debug|Any CPU.ActiveCfg = Debug|Any CPU
		{103083BD-979A-449A-8195-1F4CFE6D461E}.Debug|Any CPU.Build.0 = Debug|Any CPU
		{103083BD-979A-449A-8195-1F4CFE6D461E}.Release|Any CPU.ActiveCfg = Release|Any CPU
		{103083BD-979A-449A-8195-1F4CFE6D461E}.Release|Any CPU.Build.0 = Release|Any CPU
		{23E3266B-40F6-4CAD-B172-DB8A04F49423}.Debug|Any CPU.ActiveCfg = Debug|Any CPU
		{23E3266B-40F6-4CAD-B172-DB8A04F49423}.Debug|Any CPU.Build.0 = Debug|Any CPU
		{23E3266B-40F6-4CAD-B172-DB8A04F49423}.Release|Any CPU.ActiveCfg = Release|Any CPU
		{23E3266B-40F6-4CAD-B172-DB8A04F49423}.Release|Any CPU.Build.0 = Release|Any CPU
	EndGlobalSection
	GlobalSection(SolutionProperties) = preSolution
		HideSolutionNode = FALSE
	EndGlobalSection
	GlobalSection(ExtensibilityGlobals) = postSolution
		SolutionGuid = {48D6A97B-586C-45E9-9073-618FD66C3E25}
	EndGlobalSection
EndGlobal
